
Microsoft Visual Studio Solution File, Format Version 12.00
Project("{2150E333-8FDC-42A3-9474-1A3956D46DE8}") = "src", "src", "{6A4E010D-E0A6-4E8C-A5B0-18CABA7D25E9}"
	ProjectSection(SolutionItems) = preProject
		src\docker-compose.yml = src\docker-compose.yml
	EndProjectSection
EndProject
Project("{2150E333-8FDC-42A3-9474-1A3956D46DE8}") = "test", "test", "{56A28182-7D1F-4965-BCC9-AF2EF1FF6758}"
EndProject
Project("{2150E333-8FDC-42A3-9474-1A3956D46DE8}") = "Api", "Api", "{630E582D-3140-4EBF-B750-E2C52DC6D5A9}"
EndProject
Project("{2150E333-8FDC-42A3-9474-1A3956D46DE8}") = "Core", "Core", "{5FD8E897-8CC0-4790-BCD8-88BF2C562CAA}"
EndProject
Project("{2150E333-8FDC-42A3-9474-1A3956D46DE8}") = "External", "External", "{3C7916AD-4BB7-4E81-B457-BE73CA15A1A0}"
EndProject
Project("{FAE04EC0-301F-11D3-BF4B-00C04F79EFBC}") = "Studweb.Api", "src\Api\Studweb.Api\Studweb.Api.csproj", "{EB9ECEA7-055A-4F15-B286-0EEB27936B97}"
EndProject
Project("{FAE04EC0-301F-11D3-BF4B-00C04F79EFBC}") = "Studweb.Domain", "src\Core\Studweb.Domain\Studweb.Domain.csproj", "{6805DB63-7277-4DC5-AB0F-EA5168842E47}"
EndProject
Project("{FAE04EC0-301F-11D3-BF4B-00C04F79EFBC}") = "Studweb.Application", "src\Core\Studweb.Application\Studweb.Application.csproj", "{697C4CBF-0565-4B8D-ACDD-5B5A88E33BE9}"
EndProject
Project("{FAE04EC0-301F-11D3-BF4B-00C04F79EFBC}") = "Studweb.Infrastructure", "src\External\Studweb.Infrastructure\Studweb.Infrastructure.csproj", "{DB78136E-5A70-4D88-BEA1-30A24C814D2F}"
EndProject
Global
	GlobalSection(SolutionConfigurationPlatforms) = preSolution
		Debug|Any CPU = Debug|Any CPU
		Release|Any CPU = Release|Any CPU
	EndGlobalSection
	GlobalSection(NestedProjects) = preSolution
		{630E582D-3140-4EBF-B750-E2C52DC6D5A9} = {6A4E010D-E0A6-4E8C-A5B0-18CABA7D25E9}
		{5FD8E897-8CC0-4790-BCD8-88BF2C562CAA} = {6A4E010D-E0A6-4E8C-A5B0-18CABA7D25E9}
		{3C7916AD-4BB7-4E81-B457-BE73CA15A1A0} = {6A4E010D-E0A6-4E8C-A5B0-18CABA7D25E9}
		{EB9ECEA7-055A-4F15-B286-0EEB27936B97} = {630E582D-3140-4EBF-B750-E2C52DC6D5A9}
		{6805DB63-7277-4DC5-AB0F-EA5168842E47} = {5FD8E897-8CC0-4790-BCD8-88BF2C562CAA}
		{697C4CBF-0565-4B8D-ACDD-5B5A88E33BE9} = {5FD8E897-8CC0-4790-BCD8-88BF2C562CAA}
		{DB78136E-5A70-4D88-BEA1-30A24C814D2F} = {3C7916AD-4BB7-4E81-B457-BE73CA15A1A0}
	EndGlobalSection
	GlobalSection(ProjectConfigurationPlatforms) = postSolution
		{EB9ECEA7-055A-4F15-B286-0EEB27936B97}.Debug|Any CPU.ActiveCfg = Debug|Any CPU
		{EB9ECEA7-055A-4F15-B286-0EEB27936B97}.Debug|Any CPU.Build.0 = Debug|Any CPU
		{EB9ECEA7-055A-4F15-B286-0EEB27936B97}.Release|Any CPU.ActiveCfg = Release|Any CPU
		{EB9ECEA7-055A-4F15-B286-0EEB27936B97}.Release|Any CPU.Build.0 = Release|Any CPU
		{6805DB63-7277-4DC5-AB0F-EA5168842E47}.Debug|Any CPU.ActiveCfg = Debug|Any CPU
		{6805DB63-7277-4DC5-AB0F-EA5168842E47}.Debug|Any CPU.Build.0 = Debug|Any CPU
		{6805DB63-7277-4DC5-AB0F-EA5168842E47}.Release|Any CPU.ActiveCfg = Release|Any CPU
		{6805DB63-7277-4DC5-AB0F-EA5168842E47}.Release|Any CPU.Build.0 = Release|Any CPU
		{697C4CBF-0565-4B8D-ACDD-5B5A88E33BE9}.Debug|Any CPU.ActiveCfg = Debug|Any CPU
		{697C4CBF-0565-4B8D-ACDD-5B5A88E33BE9}.Debug|Any CPU.Build.0 = Debug|Any CPU
		{697C4CBF-0565-4B8D-ACDD-5B5A88E33BE9}.Release|Any CPU.ActiveCfg = Release|Any CPU
		{697C4CBF-0565-4B8D-ACDD-5B5A88E33BE9}.Release|Any CPU.Build.0 = Release|Any CPU
		{DB78136E-5A70-4D88-BEA1-30A24C814D2F}.Debug|Any CPU.ActiveCfg = Debug|Any CPU
		{DB78136E-5A70-4D88-BEA1-30A24C814D2F}.Debug|Any CPU.Build.0 = Debug|Any CPU
		{DB78136E-5A70-4D88-BEA1-30A24C814D2F}.Release|Any CPU.ActiveCfg = Release|Any CPU
		{DB78136E-5A70-4D88-BEA1-30A24C814D2F}.Release|Any CPU.Build.0 = Release|Any CPU
	EndGlobalSection
EndGlobal
